
Microsoft Visual Studio Solution File, Format Version 12.00
# Visual Studio Version 17
VisualStudioVersion = 17.9.34902.65
MinimumVisualStudioVersion = 10.0.40219.1
Project("{FAE04EC0-301F-11D3-BF4B-00C04F79EFBC}") = "DCIT318-Assignment2-10971382", "DCIT318-Assignment2-10971382.csproj", "{ADA9598E-59A3-4D23-BB4F-20F35D255D05}"
EndProject
Global
	GlobalSection(SolutionConfigurationPlatforms) = preSolution
		Debug|Any CPU = Debug|Any CPU
		Release|Any CPU = Release|Any CPU
	EndGlobalSection
	GlobalSection(ProjectConfigurationPlatforms) = postSolution
		{ADA9598E-59A3-4D23-BB4F-20F35D255D05}.Debug|Any CPU.ActiveCfg = Debug|Any CPU
		{ADA9598E-59A3-4D23-BB4F-20F35D255D05}.Debug|Any CPU.Build.0 = Debug|Any CPU
		{ADA9598E-59A3-4D23-BB4F-20F35D255D05}.Release|Any CPU.ActiveCfg = Release|Any CPU
		{ADA9598E-59A3-4D23-BB4F-20F35D255D05}.Release|Any CPU.Build.0 = Release|Any CPU
	EndGlobalSection
	GlobalSection(SolutionProperties) = preSolution
		HideSolutionNode = FALSE
	EndGlobalSection
	GlobalSection(ExtensibilityGlobals) = postSolution
		SolutionGuid = {FD165079-188D-46F2-AC50-54AAB8792AD0}
	EndGlobalSection
EndGlobal
